{
  "name": "gretsaictclub",
  "lockfileVersion": 2,
  "requires": true,
  "packages": {
    "": {
      "dependencies": {
        "alpinejs": "^3.2.1",
        "hover.css": "^2.3.2"
      }
    },
    "node_modules/@vue/reactivity": {
      "version": "3.1.4",
      "resolved": "https://registry.npmjs.org/@vue/reactivity/-/reactivity-3.1.4.tgz",
      "integrity": "sha512-YDlgii2Cr9yAoKVZFzgY4j0mYlVT73986X3e5SPp6ifqckSEoFSUWXZK2Tb53TB/9qO29BEEbspnKD3m3wAwkA==",
      "dependencies": {
        "@vue/shared": "3.1.4"
      }
    },
    "node_modules/@vue/shared": {
      "version": "3.1.4",
      "resolved": "https://registry.npmjs.org/@vue/shared/-/shared-3.1.4.tgz",
      "integrity": "sha512-6O45kZAmkLvzGLToBxEz4lR2W6kXohCtebV2UxjH9GXjd8X9AhEn68FN9eNanFtWNzvgw1hqd6HkPRVQalqf7Q=="
    },
    "node_modules/alpinejs": {
      "version": "3.2.1",
      "resolved": "https://registry.npmjs.org/alpinejs/-/alpinejs-3.2.1.tgz",
      "integrity": "sha512-MYYGUmVHNWN27TvgAtUCYXZlfsXoVCrLQT3a0Ak6CQKqf1TCHfQKxmhzJWscW5kPcLlOK2aYmWbV2H+XyfN2FQ==",
      "dependencies": {
        "@vue/reactivity": "^3.0.2"
      }
    },
    "node_modules/hover.css": {
      "version": "2.3.2",
      "resolved": "https://registry.npmjs.org/hover.css/-/hover.css-2.3.2.tgz",
      "integrity": "sha1-8HGT2cdAnU45UTTTsiFbmetV4NM="
    }
  },
  "dependencies": {
    "@vue/reactivity": {
      "version": "3.1.4",
      "resolved": "https://registry.npmjs.org/@vue/reactivity/-/reactivity-3.1.4.tgz",
      "integrity": "sha512-YDlgii2Cr9yAoKVZFzgY4j0mYlVT73986X3e5SPp6ifqckSEoFSUWXZK2Tb53TB/9qO29BEEbspnKD3m3wAwkA==",
      "requires": {
        "@vue/shared": "3.1.4"
      }
    },
    "@vue/shared": {
      "version": "3.1.4",
      "resolved": "https://registry.npmjs.org/@vue/shared/-/shared-3.1.4.tgz",
      "integrity": "sha512-6O45kZAmkLvzGLToBxEz4lR2W6kXohCtebV2UxjH9GXjd8X9AhEn68FN9eNanFtWNzvgw1hqd6HkPRVQalqf7Q=="
    },
    "alpinejs": {
      "version": "3.2.1",
      "resolved": "https://registry.npmjs.org/alpinejs/-/alpinejs-3.2.1.tgz",
      "integrity": "sha512-MYYGUmVHNWN27TvgAtUCYXZlfsXoVCrLQT3a0Ak6CQKqf1TCHfQKxmhzJWscW5kPcLlOK2aYmWbV2H+XyfN2FQ==",
      "requires": {
        "@vue/reactivity": "^3.0.2"
      }
    },
    "hover.css": {
      "version": "2.3.2",
      "resolved": "https://registry.npmjs.org/hover.css/-/hover.css-2.3.2.tgz",
      "integrity": "sha1-8HGT2cdAnU45UTTTsiFbmetV4NM="
    }
  }
}
